
Microsoft Visual Studio Solution File, Format Version 12.00
# Visual Studio 2012
Project("{A0786B88-2ADB-4C21-ABE8-AA2D79766269}") = "Mirefleurs", "Mirefleurs.phpproj", "{DB3F578F-1A76-49A5-8E61-44B72D054BF6}"
EndProject
Global
	GlobalSection(SolutionConfigurationPlatforms) = preSolution
		Debug|Any CPU = Debug|Any CPU
		Release|Any CPU = Release|Any CPU
	EndGlobalSection
	GlobalSection(ProjectConfigurationPlatforms) = postSolution
		{DB3F578F-1A76-49A5-8E61-44B72D054BF6}.Debug|Any CPU.ActiveCfg = Debug|Any CPU
		{DB3F578F-1A76-49A5-8E61-44B72D054BF6}.Debug|Any CPU.Build.0 = Debug|Any CPU
		{DB3F578F-1A76-49A5-8E61-44B72D054BF6}.Release|Any CPU.ActiveCfg = Release|Any CPU
		{DB3F578F-1A76-49A5-8E61-44B72D054BF6}.Release|Any CPU.Build.0 = Release|Any CPU
	EndGlobalSection
	GlobalSection(SolutionProperties) = preSolution
		HideSolutionNode = FALSE
	EndGlobalSection
EndGlobal
